
Microsoft Visual Studio Solution File, Format Version 12.00
# Visual Studio 15
VisualStudioVersion = 15.0.26621.2
MinimumVisualStudioVersion = 10.0.40219.1
Project("{FAE04EC0-301F-11D3-BF4B-00C04F79EFBC}") = "EditorUtils", "Src\EditorUtils\EditorUtils.csproj", "{FB418222-C105-4942-8EEB-832DDCFFD89D}"
EndProject
Project("{FAE04EC0-301F-11D3-BF4B-00C04F79EFBC}") = "EditorApp", "Src\EditorApp\EditorApp.csproj", "{EE06DCE3-203C-4503-9AFA-0A419F43F2B3}"
EndProject
Project("{FAE04EC0-301F-11D3-BF4B-00C04F79EFBC}") = "EditorUtils.Host", "Src\EditorUtils.Host\EditorUtils.Host.csproj", "{863A0141-59C5-481D-A3FC-A5812D973FEB}"
EndProject
Project("{FAE04EC0-301F-11D3-BF4B-00C04F79EFBC}") = "EditorUtils.Host.Vs2017", "Src\EditorUtils.Host.Vs2017\EditorUtils.Host.Vs2017.csproj", "{7F5978FE-07D8-414D-8A18-18343B9688D1}"
EndProject
Project("{FAE04EC0-301F-11D3-BF4B-00C04F79EFBC}") = "EditorUtilsTest", "Src\EditorUtilsTest\EditorUtilsTest.csproj", "{BAED09B7-25D9-4DD8-8558-BAC9730BA3F3}"
EndProject
Global
	GlobalSection(SolutionConfigurationPlatforms) = preSolution
		Debug|Any CPU = Debug|Any CPU
		Release|Any CPU = Release|Any CPU
	EndGlobalSection
	GlobalSection(ProjectConfigurationPlatforms) = postSolution
		{FB418222-C105-4942-8EEB-832DDCFFD89D}.Debug|Any CPU.ActiveCfg = Debug|Any CPU
		{FB418222-C105-4942-8EEB-832DDCFFD89D}.Debug|Any CPU.Build.0 = Debug|Any CPU
		{FB418222-C105-4942-8EEB-832DDCFFD89D}.Release|Any CPU.ActiveCfg = Release|Any CPU
		{FB418222-C105-4942-8EEB-832DDCFFD89D}.Release|Any CPU.Build.0 = Release|Any CPU
		{EE06DCE3-203C-4503-9AFA-0A419F43F2B3}.Debug|Any CPU.ActiveCfg = Debug|Any CPU
		{EE06DCE3-203C-4503-9AFA-0A419F43F2B3}.Debug|Any CPU.Build.0 = Debug|Any CPU
		{EE06DCE3-203C-4503-9AFA-0A419F43F2B3}.Release|Any CPU.ActiveCfg = Release|Any CPU
		{EE06DCE3-203C-4503-9AFA-0A419F43F2B3}.Release|Any CPU.Build.0 = Release|Any CPU
		{863A0141-59C5-481D-A3FC-A5812D973FEB}.Debug|Any CPU.ActiveCfg = Debug|Any CPU
		{863A0141-59C5-481D-A3FC-A5812D973FEB}.Debug|Any CPU.Build.0 = Debug|Any CPU
		{863A0141-59C5-481D-A3FC-A5812D973FEB}.Release|Any CPU.ActiveCfg = Release|Any CPU
		{863A0141-59C5-481D-A3FC-A5812D973FEB}.Release|Any CPU.Build.0 = Release|Any CPU
		{7F5978FE-07D8-414D-8A18-18343B9688D1}.Debug|Any CPU.ActiveCfg = Debug|Any CPU
		{7F5978FE-07D8-414D-8A18-18343B9688D1}.Debug|Any CPU.Build.0 = Debug|Any CPU
		{7F5978FE-07D8-414D-8A18-18343B9688D1}.Release|Any CPU.ActiveCfg = Release|Any CPU
		{7F5978FE-07D8-414D-8A18-18343B9688D1}.Release|Any CPU.Build.0 = Release|Any CPU
		{BAED09B7-25D9-4DD8-8558-BAC9730BA3F3}.Debug|Any CPU.ActiveCfg = Debug|Any CPU
		{BAED09B7-25D9-4DD8-8558-BAC9730BA3F3}.Debug|Any CPU.Build.0 = Debug|Any CPU
		{BAED09B7-25D9-4DD8-8558-BAC9730BA3F3}.Release|Any CPU.ActiveCfg = Release|Any CPU
		{BAED09B7-25D9-4DD8-8558-BAC9730BA3F3}.Release|Any CPU.Build.0 = Release|Any CPU
	EndGlobalSection
	GlobalSection(SolutionProperties) = preSolution
		HideSolutionNode = FALSE
	EndGlobalSection
	GlobalSection(ExtensibilityGlobals) = postSolution
		SolutionGuid = {BC9790A4-A584-4C7C-8983-37CBD160ED81}
	EndGlobalSection
EndGlobal
